
Microsoft Visual Studio Solution File, Format Version 12.00
# Visual Studio 15
VisualStudioVersion = 15.0.27703.2047
MinimumVisualStudioVersion = 10.0.40219.1
Project("{9A19103F-16F7-4668-BE54-9A1E7A4F7556}") = "BasicDotNet.CodenameGenerator", "BasicDotNet.CodenameGenerator\BasicDotNet.CodenameGenerator.csproj", "{4B391934-09A0-4D69-AC7A-002DC8B55F6B}"
EndProject
Project("{9A19103F-16F7-4668-BE54-9A1E7A4F7556}") = "BasicDotNet.CSharpProgramming", "BasicDotNet.CSharpProgramming\BasicDotNet.CSharpProgramming.csproj", "{5901ECF2-4EC0-4F69-A05F-D154429BBE52}"
EndProject
Project("{9A19103F-16F7-4668-BE54-9A1E7A4F7556}") = "BasicDotNet.CSharpProgramming.Ui", "BasicDotNet.CSharpProgramming.Ui\BasicDotNet.CSharpProgramming.Ui.csproj", "{2C4C1505-155F-4F11-8094-B711B49A595C}"
EndProject
Project("{2150E333-8FDC-42A3-9474-1A3956D46DE8}") = "CSharpProgramming", "CSharpProgramming", "{AD7E5F45-9C5D-4E2F-9044-CF69A6481AA4}"
EndProject
Project("{2150E333-8FDC-42A3-9474-1A3956D46DE8}") = "Katas", "Katas", "{43F269B1-6734-4A45-B37D-4D3E66172E12}"
EndProject
Project("{9A19103F-16F7-4668-BE54-9A1E7A4F7556}") = "BasicDotNet.Objects3D", "BasicDotNet.Objects3D\BasicDotNet.Objects3D.csproj", "{41BAF80A-05DA-45D5-A739-0004673CA4BB}"
EndProject
Project("{9A19103F-16F7-4668-BE54-9A1E7A4F7556}") = "BasicDotNet.VuelingAirlinesFleet", "BasicDotNet.VuelingAirlinesFleet\BasicDotNet.VuelingAirlinesFleet.csproj", "{AB149949-97C0-4D19-941B-AA2B6D24C0F6}"
EndProject
Project("{2150E333-8FDC-42A3-9474-1A3956D46DE8}") = "VuelingAirlinesFleet", "VuelingAirlinesFleet", "{F398030D-D99D-4670-AC5A-38E3CBCE05C1}"
EndProject
Project("{9A19103F-16F7-4668-BE54-9A1E7A4F7556}") = "BasicDotNet.ControlTower", "BasicDotNet.ControlTower\BasicDotNet.ControlTower.csproj", "{5B35E3F7-E409-4A61-94E6-74877BF8757B}"
EndProject
Project("{2150E333-8FDC-42A3-9474-1A3956D46DE8}") = "AdvancedProgrammingConcepts", "AdvancedProgrammingConcepts", "{97FA2DDD-590C-4224-B95A-3C3D4130DD37}"
EndProject
Project("{9A19103F-16F7-4668-BE54-9A1E7A4F7556}") = "BasicDotNet.AdvProgConcepts.Ui", "BasicDotNet.AdvProgConcepts.Ui\BasicDotNet.AdvProgConcepts.Ui.csproj", "{2506E8FE-8C37-4721-B57D-A6EADB3A32B4}"
EndProject
Project("{9A19103F-16F7-4668-BE54-9A1E7A4F7556}") = "BasicDotNet.AdvProgConcepts", "BasicDotNet.AdvProgConcepts\BasicDotNet.AdvProgConcepts.csproj", "{F7C78F40-C76E-42C3-9E76-9086CB7FA7E0}"
EndProject
Project("{2150E333-8FDC-42A3-9474-1A3956D46DE8}") = "DevelopmentTechniques", "DevelopmentTechniques", "{3EF5FEAD-A5D2-41FD-8D4B-66AC31B4F16C}"
EndProject
Project("{2150E333-8FDC-42A3-9474-1A3956D46DE8}") = "DesignPatterns", "DesignPatterns", "{B8FCFDF7-5CEA-4953-8B8B-96CE4B5B1E7E}"
EndProject
Project("{2150E333-8FDC-42A3-9474-1A3956D46DE8}") = "Creational", "Creational", "{429C681D-DDA0-4120-8B5A-2487A400E49E}"
EndProject
Project("{9A19103F-16F7-4668-BE54-9A1E7A4F7556}") = "BasicDotNet.AbstractFactory", "BasicDotNet.AbstractFactory\BasicDotNet.AbstractFactory.csproj", "{C800BD72-935B-42B3-91CB-ED1D239A94A4}"
EndProject
Project("{9A19103F-16F7-4668-BE54-9A1E7A4F7556}") = "BasicDotNet.FactoryMethod", "BasicDotNet.FactoryMethod\BasicDotNet.FactoryMethod.csproj", "{882AF6D0-6F87-4BE3-BD15-E91E4270A7B8}"
EndProject
Project("{9A19103F-16F7-4668-BE54-9A1E7A4F7556}") = "BasicDotNet.Builder", "BasicDotNet.Builder\BasicDotNet.Builder.csproj", "{EE97A204-3E62-49AF-866C-72762702A24A}"
EndProject
Project("{9A19103F-16F7-4668-BE54-9A1E7A4F7556}") = "BasicDocNet.Prototype", "BasicDocNet.Prototype\BasicDocNet.Prototype.csproj", "{C30C387B-3CF6-4E23-844F-780B6A2EE826}"
EndProject
Project("{9A19103F-16F7-4668-BE54-9A1E7A4F7556}") = "BasicDotNet.Singleton", "BasicDotNet.Singleton\BasicDotNet.Singleton.csproj", "{063D5796-C0B7-49AC-BB4A-FD5C05AC2AD2}"
EndProject
Project("{2150E333-8FDC-42A3-9474-1A3956D46DE8}") = "Behavioral", "Behavioral", "{215CBF03-E816-41C9-AE7A-365573AE9126}"
EndProject
Project("{FAE04EC0-301F-11D3-BF4B-00C04F79EFBC}") = "BasicDotNet.ChainOfResponsibility", "BasicDotNet.ChainOfResponsibility\BasicDotNet.ChainOfResponsibility.csproj", "{92B16674-EF1D-41FE-8F29-0C04E4C9EC6A}"
EndProject
Project("{FAE04EC0-301F-11D3-BF4B-00C04F79EFBC}") = "BasicDotNet.Command", "BasicDotNet.Command\BasicDotNet.Command.csproj", "{0C85AD32-2235-45CA-B163-93E4BB90CF45}"
EndProject
Project("{FAE04EC0-301F-11D3-BF4B-00C04F79EFBC}") = "BasicDotNet.Interpreter", "BasicDotNet.Interpreter\BasicDotNet.Interpreter.csproj", "{E71C4792-D175-46C1-BB57-D64F8A3C5BC3}"
EndProject
Project("{FAE04EC0-301F-11D3-BF4B-00C04F79EFBC}") = "BasicDotNet.Iterator", "BasicDotNet.Iterator\BasicDotNet.Iterator.csproj", "{D9D0C95D-7B4A-4438-B624-FBDE9A4D6EC0}"
EndProject
Project("{FAE04EC0-301F-11D3-BF4B-00C04F79EFBC}") = "BasicDotNet.Mediator", "BasicDotNet.Mediator\BasicDotNet.Mediator.csproj", "{9A9F106F-0BA9-4C67-AE6B-718C7174584E}"
EndProject
Project("{FAE04EC0-301F-11D3-BF4B-00C04F79EFBC}") = "BasicDotNet.Memento", "BasicDotNet.Memento\BasicDotNet.Memento.csproj", "{E86DE67F-C37D-44B1-A586-D0DE8D7D74FB}"
EndProject
Project("{FAE04EC0-301F-11D3-BF4B-00C04F79EFBC}") = "BasicDotNet.State", "BasicDotNet.State\BasicDotNet.State.csproj", "{12F00451-CE14-411B-8A3D-BBF45C8D80D7}"
EndProject
Project("{FAE04EC0-301F-11D3-BF4B-00C04F79EFBC}") = "BasicDotNet.Strategy", "BasicDotNet.Strategy\BasicDotNet.Strategy.csproj", "{BBCD314E-062C-472F-8656-2B313E49010A}"
EndProject
Project("{FAE04EC0-301F-11D3-BF4B-00C04F79EFBC}") = "BasicDotNet.Template", "BasicDotNet.Template\BasicDotNet.Template.csproj", "{D5ECB224-6BBE-46BF-B5D2-53E3CC876664}"
EndProject
Project("{FAE04EC0-301F-11D3-BF4B-00C04F79EFBC}") = "BasicDotNet.Visitor", "BasicDotNet.Visitor\BasicDotNet.Visitor.csproj", "{B847640F-0743-4DC0-A70C-6CB9D6CB7C13}"
EndProject
Project("{2150E333-8FDC-42A3-9474-1A3956D46DE8}") = "Structural", "Structural", "{9485B7D3-62B6-4F30-AA73-81247EE0968A}"
EndProject
Project("{FAE04EC0-301F-11D3-BF4B-00C04F79EFBC}") = "BasicDotNet.Adapter", "BasicDotNet.Adapter\BasicDotNet.Adapter.csproj", "{21F5C4B9-3031-40FA-8177-7F0A701B3C45}"
EndProject
Project("{FAE04EC0-301F-11D3-BF4B-00C04F79EFBC}") = "BasicDotNet.Bridge", "BasicDotNet.Bridge\BasicDotNet.Bridge.csproj", "{19D8C93B-C612-456B-ADAC-54F9A15DDDB3}"
EndProject
Project("{FAE04EC0-301F-11D3-BF4B-00C04F79EFBC}") = "BasicDotNet.Composite", "BasicDotNet.Composite\BasicDotNet.Composite.csproj", "{98F38249-A36C-4CD5-8D73-5A6925789BFE}"
EndProject
Project("{FAE04EC0-301F-11D3-BF4B-00C04F79EFBC}") = "BasicDotNet.Decorator", "BasicDotNet.Decorator\BasicDotNet.Decorator.csproj", "{64954E9A-A346-45A6-8CE8-A50D3DCBCBED}"
EndProject
Project("{FAE04EC0-301F-11D3-BF4B-00C04F79EFBC}") = "BasicDotNet.Facade", "BasicDotNet.Facade\BasicDotNet.Facade.csproj", "{C4913B92-1FC7-4C77-A796-F53F97C05200}"
EndProject
Project("{FAE04EC0-301F-11D3-BF4B-00C04F79EFBC}") = "BasicDotNet.FlyweightObject", "BasicDotNet.FlyweightObject\BasicDotNet.FlyweightObject.csproj", "{E23985CF-3603-4E5E-8376-DA7D09E5F008}"
EndProject
Project("{FAE04EC0-301F-11D3-BF4B-00C04F79EFBC}") = "BasicDotNet.Proxy", "BasicDotNet.Proxy\BasicDotNet.Proxy.csproj", "{D103DB86-F971-4981-A1D4-1A401B6424FB}"
EndProject
Project("{2150E333-8FDC-42A3-9474-1A3956D46DE8}") = "SOLID", "SOLID", "{37F4F9D1-F535-42FA-88DF-C68C25425647}"
EndProject
Project("{FAE04EC0-301F-11D3-BF4B-00C04F79EFBC}") = "BasicDotNet.SOLID", "BasicDotNet.SOLID\BasicDotNet.SOLID.csproj", "{F6D281BD-0C04-4DC7-A3EA-F83F78237E2F}"
EndProject
Project("{2150E333-8FDC-42A3-9474-1A3956D46DE8}") = "SamuraiConsole", "SamuraiConsole", "{E07B190F-341C-4AEA-9DFD-EAE8E100B33E}"
EndProject
Project("{FAE04EC0-301F-11D3-BF4B-00C04F79EFBC}") = "BasicDotNet.SamuraiConsole", "BasicDotNet.SamuraiConsole\BasicDotNet.SamuraiConsole.csproj", "{914D9877-44F6-45DA-9116-555D1EBEDE3B}"
EndProject
Project("{FAE04EC0-301F-11D3-BF4B-00C04F79EFBC}") = "BasicDotNet.SamuraiConsole.Test", "BasicDotNet.SamuraiConsole.Test\BasicDotNet.SamuraiConsole.Test.csproj", "{41C8EBD0-E552-45DF-AECC-B699B3135C1A}"
EndProject
Project("{FAE04EC0-301F-11D3-BF4B-00C04F79EFBC}") = "BasicDotNet.SamuraiConsole.WithMocking", "BasicDotNet.SamuraiConsole.WithMocking\BasicDotNet.SamuraiConsole.WithMocking.csproj", "{66E52B8A-CF65-420B-9214-019E161CED07}"
EndProject
Project("{FAE04EC0-301F-11D3-BF4B-00C04F79EFBC}") = "BasicDotNet.SamuraiConsole.WithMocking.Test", "BasicDotNet.SamuraiConsole.WithMocking.Test\BasicDotNet.SamuraiConsole.WithMocking.Test.csproj", "{96C80AAD-4102-4799-9144-2A58B5139518}"
EndProject
Global
	GlobalSection(SolutionConfigurationPlatforms) = preSolution
		Debug|Any CPU = Debug|Any CPU
		Debug|x86 = Debug|x86
		Release|Any CPU = Release|Any CPU
		Release|x86 = Release|x86
	EndGlobalSection
	GlobalSection(ProjectConfigurationPlatforms) = postSolution
		{4B391934-09A0-4D69-AC7A-002DC8B55F6B}.Debug|Any CPU.ActiveCfg = Debug|Any CPU
		{4B391934-09A0-4D69-AC7A-002DC8B55F6B}.Debug|Any CPU.Build.0 = Debug|Any CPU
		{4B391934-09A0-4D69-AC7A-002DC8B55F6B}.Debug|x86.ActiveCfg = Debug|Any CPU
		{4B391934-09A0-4D69-AC7A-002DC8B55F6B}.Debug|x86.Build.0 = Debug|Any CPU
		{4B391934-09A0-4D69-AC7A-002DC8B55F6B}.Release|Any CPU.ActiveCfg = Release|Any CPU
		{4B391934-09A0-4D69-AC7A-002DC8B55F6B}.Release|Any CPU.Build.0 = Release|Any CPU
		{4B391934-09A0-4D69-AC7A-002DC8B55F6B}.Release|x86.ActiveCfg = Release|Any CPU
		{4B391934-09A0-4D69-AC7A-002DC8B55F6B}.Release|x86.Build.0 = Release|Any CPU
		{5901ECF2-4EC0-4F69-A05F-D154429BBE52}.Debug|Any CPU.ActiveCfg = Debug|Any CPU
		{5901ECF2-4EC0-4F69-A05F-D154429BBE52}.Debug|Any CPU.Build.0 = Debug|Any CPU
		{5901ECF2-4EC0-4F69-A05F-D154429BBE52}.Debug|x86.ActiveCfg = Debug|Any CPU
		{5901ECF2-4EC0-4F69-A05F-D154429BBE52}.Debug|x86.Build.0 = Debug|Any CPU
		{5901ECF2-4EC0-4F69-A05F-D154429BBE52}.Release|Any CPU.ActiveCfg = Release|Any CPU
		{5901ECF2-4EC0-4F69-A05F-D154429BBE52}.Release|Any CPU.Build.0 = Release|Any CPU
		{5901ECF2-4EC0-4F69-A05F-D154429BBE52}.Release|x86.ActiveCfg = Release|Any CPU
		{5901ECF2-4EC0-4F69-A05F-D154429BBE52}.Release|x86.Build.0 = Release|Any CPU
		{2C4C1505-155F-4F11-8094-B711B49A595C}.Debug|Any CPU.ActiveCfg = Debug|Any CPU
		{2C4C1505-155F-4F11-8094-B711B49A595C}.Debug|Any CPU.Build.0 = Debug|Any CPU
		{2C4C1505-155F-4F11-8094-B711B49A595C}.Debug|x86.ActiveCfg = Debug|Any CPU
		{2C4C1505-155F-4F11-8094-B711B49A595C}.Debug|x86.Build.0 = Debug|Any CPU
		{2C4C1505-155F-4F11-8094-B711B49A595C}.Release|Any CPU.ActiveCfg = Release|Any CPU
		{2C4C1505-155F-4F11-8094-B711B49A595C}.Release|Any CPU.Build.0 = Release|Any CPU
		{2C4C1505-155F-4F11-8094-B711B49A595C}.Release|x86.ActiveCfg = Release|Any CPU
		{2C4C1505-155F-4F11-8094-B711B49A595C}.Release|x86.Build.0 = Release|Any CPU
		{41BAF80A-05DA-45D5-A739-0004673CA4BB}.Debug|Any CPU.ActiveCfg = Debug|Any CPU
		{41BAF80A-05DA-45D5-A739-0004673CA4BB}.Debug|Any CPU.Build.0 = Debug|Any CPU
		{41BAF80A-05DA-45D5-A739-0004673CA4BB}.Debug|x86.ActiveCfg = Debug|Any CPU
		{41BAF80A-05DA-45D5-A739-0004673CA4BB}.Debug|x86.Build.0 = Debug|Any CPU
		{41BAF80A-05DA-45D5-A739-0004673CA4BB}.Release|Any CPU.ActiveCfg = Release|Any CPU
		{41BAF80A-05DA-45D5-A739-0004673CA4BB}.Release|Any CPU.Build.0 = Release|Any CPU
		{41BAF80A-05DA-45D5-A739-0004673CA4BB}.Release|x86.ActiveCfg = Release|Any CPU
		{41BAF80A-05DA-45D5-A739-0004673CA4BB}.Release|x86.Build.0 = Release|Any CPU
		{AB149949-97C0-4D19-941B-AA2B6D24C0F6}.Debug|Any CPU.ActiveCfg = Debug|Any CPU
		{AB149949-97C0-4D19-941B-AA2B6D24C0F6}.Debug|Any CPU.Build.0 = Debug|Any CPU
		{AB149949-97C0-4D19-941B-AA2B6D24C0F6}.Debug|x86.ActiveCfg = Debug|Any CPU
		{AB149949-97C0-4D19-941B-AA2B6D24C0F6}.Debug|x86.Build.0 = Debug|Any CPU
		{AB149949-97C0-4D19-941B-AA2B6D24C0F6}.Release|Any CPU.ActiveCfg = Release|Any CPU
		{AB149949-97C0-4D19-941B-AA2B6D24C0F6}.Release|Any CPU.Build.0 = Release|Any CPU
		{AB149949-97C0-4D19-941B-AA2B6D24C0F6}.Release|x86.ActiveCfg = Release|Any CPU
		{AB149949-97C0-4D19-941B-AA2B6D24C0F6}.Release|x86.Build.0 = Release|Any CPU
		{5B35E3F7-E409-4A61-94E6-74877BF8757B}.Debug|Any CPU.ActiveCfg = Debug|Any CPU
		{5B35E3F7-E409-4A61-94E6-74877BF8757B}.Debug|Any CPU.Build.0 = Debug|Any CPU
		{5B35E3F7-E409-4A61-94E6-74877BF8757B}.Debug|x86.ActiveCfg = Debug|Any CPU
		{5B35E3F7-E409-4A61-94E6-74877BF8757B}.Debug|x86.Build.0 = Debug|Any CPU
		{5B35E3F7-E409-4A61-94E6-74877BF8757B}.Release|Any CPU.ActiveCfg = Release|Any CPU
		{5B35E3F7-E409-4A61-94E6-74877BF8757B}.Release|Any CPU.Build.0 = Release|Any CPU
		{5B35E3F7-E409-4A61-94E6-74877BF8757B}.Release|x86.ActiveCfg = Release|Any CPU
		{5B35E3F7-E409-4A61-94E6-74877BF8757B}.Release|x86.Build.0 = Release|Any CPU
		{2506E8FE-8C37-4721-B57D-A6EADB3A32B4}.Debug|Any CPU.ActiveCfg = Debug|Any CPU
		{2506E8FE-8C37-4721-B57D-A6EADB3A32B4}.Debug|Any CPU.Build.0 = Debug|Any CPU
		{2506E8FE-8C37-4721-B57D-A6EADB3A32B4}.Debug|x86.ActiveCfg = Debug|Any CPU
		{2506E8FE-8C37-4721-B57D-A6EADB3A32B4}.Debug|x86.Build.0 = Debug|Any CPU
		{2506E8FE-8C37-4721-B57D-A6EADB3A32B4}.Release|Any CPU.ActiveCfg = Release|Any CPU
		{2506E8FE-8C37-4721-B57D-A6EADB3A32B4}.Release|Any CPU.Build.0 = Release|Any CPU
		{2506E8FE-8C37-4721-B57D-A6EADB3A32B4}.Release|x86.ActiveCfg = Release|Any CPU
		{2506E8FE-8C37-4721-B57D-A6EADB3A32B4}.Release|x86.Build.0 = Release|Any CPU
		{F7C78F40-C76E-42C3-9E76-9086CB7FA7E0}.Debug|Any CPU.ActiveCfg = Debug|Any CPU
		{F7C78F40-C76E-42C3-9E76-9086CB7FA7E0}.Debug|Any CPU.Build.0 = Debug|Any CPU
		{F7C78F40-C76E-42C3-9E76-9086CB7FA7E0}.Debug|x86.ActiveCfg = Debug|Any CPU
		{F7C78F40-C76E-42C3-9E76-9086CB7FA7E0}.Debug|x86.Build.0 = Debug|Any CPU
		{F7C78F40-C76E-42C3-9E76-9086CB7FA7E0}.Release|Any CPU.ActiveCfg = Release|Any CPU
		{F7C78F40-C76E-42C3-9E76-9086CB7FA7E0}.Release|Any CPU.Build.0 = Release|Any CPU
		{F7C78F40-C76E-42C3-9E76-9086CB7FA7E0}.Release|x86.ActiveCfg = Release|Any CPU
		{F7C78F40-C76E-42C3-9E76-9086CB7FA7E0}.Release|x86.Build.0 = Release|Any CPU
		{C800BD72-935B-42B3-91CB-ED1D239A94A4}.Debug|Any CPU.ActiveCfg = Debug|Any CPU
		{C800BD72-935B-42B3-91CB-ED1D239A94A4}.Debug|Any CPU.Build.0 = Debug|Any CPU
		{C800BD72-935B-42B3-91CB-ED1D239A94A4}.Debug|x86.ActiveCfg = Debug|Any CPU
		{C800BD72-935B-42B3-91CB-ED1D239A94A4}.Debug|x86.Build.0 = Debug|Any CPU
		{C800BD72-935B-42B3-91CB-ED1D239A94A4}.Release|Any CPU.ActiveCfg = Release|Any CPU
		{C800BD72-935B-42B3-91CB-ED1D239A94A4}.Release|Any CPU.Build.0 = Release|Any CPU
		{C800BD72-935B-42B3-91CB-ED1D239A94A4}.Release|x86.ActiveCfg = Release|Any CPU
		{C800BD72-935B-42B3-91CB-ED1D239A94A4}.Release|x86.Build.0 = Release|Any CPU
		{882AF6D0-6F87-4BE3-BD15-E91E4270A7B8}.Debug|Any CPU.ActiveCfg = Debug|Any CPU
		{882AF6D0-6F87-4BE3-BD15-E91E4270A7B8}.Debug|Any CPU.Build.0 = Debug|Any CPU
		{882AF6D0-6F87-4BE3-BD15-E91E4270A7B8}.Debug|x86.ActiveCfg = Debug|Any CPU
		{882AF6D0-6F87-4BE3-BD15-E91E4270A7B8}.Debug|x86.Build.0 = Debug|Any CPU
		{882AF6D0-6F87-4BE3-BD15-E91E4270A7B8}.Release|Any CPU.ActiveCfg = Release|Any CPU
		{882AF6D0-6F87-4BE3-BD15-E91E4270A7B8}.Release|Any CPU.Build.0 = Release|Any CPU
		{882AF6D0-6F87-4BE3-BD15-E91E4270A7B8}.Release|x86.ActiveCfg = Release|Any CPU
		{882AF6D0-6F87-4BE3-BD15-E91E4270A7B8}.Release|x86.Build.0 = Release|Any CPU
		{EE97A204-3E62-49AF-866C-72762702A24A}.Debug|Any CPU.ActiveCfg = Debug|Any CPU
		{EE97A204-3E62-49AF-866C-72762702A24A}.Debug|Any CPU.Build.0 = Debug|Any CPU
		{EE97A204-3E62-49AF-866C-72762702A24A}.Debug|x86.ActiveCfg = Debug|Any CPU
		{EE97A204-3E62-49AF-866C-72762702A24A}.Debug|x86.Build.0 = Debug|Any CPU
		{EE97A204-3E62-49AF-866C-72762702A24A}.Release|Any CPU.ActiveCfg = Release|Any CPU
		{EE97A204-3E62-49AF-866C-72762702A24A}.Release|Any CPU.Build.0 = Release|Any CPU
		{EE97A204-3E62-49AF-866C-72762702A24A}.Release|x86.ActiveCfg = Release|Any CPU
		{EE97A204-3E62-49AF-866C-72762702A24A}.Release|x86.Build.0 = Release|Any CPU
		{C30C387B-3CF6-4E23-844F-780B6A2EE826}.Debug|Any CPU.ActiveCfg = Debug|Any CPU
		{C30C387B-3CF6-4E23-844F-780B6A2EE826}.Debug|Any CPU.Build.0 = Debug|Any CPU
		{C30C387B-3CF6-4E23-844F-780B6A2EE826}.Debug|x86.ActiveCfg = Debug|Any CPU
		{C30C387B-3CF6-4E23-844F-780B6A2EE826}.Debug|x86.Build.0 = Debug|Any CPU
		{C30C387B-3CF6-4E23-844F-780B6A2EE826}.Release|Any CPU.ActiveCfg = Release|Any CPU
		{C30C387B-3CF6-4E23-844F-780B6A2EE826}.Release|Any CPU.Build.0 = Release|Any CPU
		{C30C387B-3CF6-4E23-844F-780B6A2EE826}.Release|x86.ActiveCfg = Release|Any CPU
		{C30C387B-3CF6-4E23-844F-780B6A2EE826}.Release|x86.Build.0 = Release|Any CPU
		{063D5796-C0B7-49AC-BB4A-FD5C05AC2AD2}.Debug|Any CPU.ActiveCfg = Debug|Any CPU
		{063D5796-C0B7-49AC-BB4A-FD5C05AC2AD2}.Debug|Any CPU.Build.0 = Debug|Any CPU
		{063D5796-C0B7-49AC-BB4A-FD5C05AC2AD2}.Debug|x86.ActiveCfg = Debug|Any CPU
		{063D5796-C0B7-49AC-BB4A-FD5C05AC2AD2}.Debug|x86.Build.0 = Debug|Any CPU
		{063D5796-C0B7-49AC-BB4A-FD5C05AC2AD2}.Release|Any CPU.ActiveCfg = Release|Any CPU
		{063D5796-C0B7-49AC-BB4A-FD5C05AC2AD2}.Release|Any CPU.Build.0 = Release|Any CPU
		{063D5796-C0B7-49AC-BB4A-FD5C05AC2AD2}.Release|x86.ActiveCfg = Release|Any CPU
		{063D5796-C0B7-49AC-BB4A-FD5C05AC2AD2}.Release|x86.Build.0 = Release|Any CPU
		{92B16674-EF1D-41FE-8F29-0C04E4C9EC6A}.Debug|Any CPU.ActiveCfg = Debug|Any CPU
		{92B16674-EF1D-41FE-8F29-0C04E4C9EC6A}.Debug|Any CPU.Build.0 = Debug|Any CPU
		{92B16674-EF1D-41FE-8F29-0C04E4C9EC6A}.Debug|x86.ActiveCfg = Debug|Any CPU
		{92B16674-EF1D-41FE-8F29-0C04E4C9EC6A}.Debug|x86.Build.0 = Debug|Any CPU
		{92B16674-EF1D-41FE-8F29-0C04E4C9EC6A}.Release|Any CPU.ActiveCfg = Release|Any CPU
		{92B16674-EF1D-41FE-8F29-0C04E4C9EC6A}.Release|Any CPU.Build.0 = Release|Any CPU
		{92B16674-EF1D-41FE-8F29-0C04E4C9EC6A}.Release|x86.ActiveCfg = Release|Any CPU
		{92B16674-EF1D-41FE-8F29-0C04E4C9EC6A}.Release|x86.Build.0 = Release|Any CPU
		{0C85AD32-2235-45CA-B163-93E4BB90CF45}.Debug|Any CPU.ActiveCfg = Debug|Any CPU
		{0C85AD32-2235-45CA-B163-93E4BB90CF45}.Debug|Any CPU.Build.0 = Debug|Any CPU
		{0C85AD32-2235-45CA-B163-93E4BB90CF45}.Debug|x86.ActiveCfg = Debug|Any CPU
		{0C85AD32-2235-45CA-B163-93E4BB90CF45}.Debug|x86.Build.0 = Debug|Any CPU
		{0C85AD32-2235-45CA-B163-93E4BB90CF45}.Release|Any CPU.ActiveCfg = Release|Any CPU
		{0C85AD32-2235-45CA-B163-93E4BB90CF45}.Release|Any CPU.Build.0 = Release|Any CPU
		{0C85AD32-2235-45CA-B163-93E4BB90CF45}.Release|x86.ActiveCfg = Release|Any CPU
		{0C85AD32-2235-45CA-B163-93E4BB90CF45}.Release|x86.Build.0 = Release|Any CPU
		{E71C4792-D175-46C1-BB57-D64F8A3C5BC3}.Debug|Any CPU.ActiveCfg = Debug|Any CPU
		{E71C4792-D175-46C1-BB57-D64F8A3C5BC3}.Debug|Any CPU.Build.0 = Debug|Any CPU
		{E71C4792-D175-46C1-BB57-D64F8A3C5BC3}.Debug|x86.ActiveCfg = Debug|Any CPU
		{E71C4792-D175-46C1-BB57-D64F8A3C5BC3}.Debug|x86.Build.0 = Debug|Any CPU
		{E71C4792-D175-46C1-BB57-D64F8A3C5BC3}.Release|Any CPU.ActiveCfg = Release|Any CPU
		{E71C4792-D175-46C1-BB57-D64F8A3C5BC3}.Release|Any CPU.Build.0 = Release|Any CPU
		{E71C4792-D175-46C1-BB57-D64F8A3C5BC3}.Release|x86.ActiveCfg = Release|Any CPU
		{E71C4792-D175-46C1-BB57-D64F8A3C5BC3}.Release|x86.Build.0 = Release|Any CPU
		{D9D0C95D-7B4A-4438-B624-FBDE9A4D6EC0}.Debug|Any CPU.ActiveCfg = Debug|Any CPU
		{D9D0C95D-7B4A-4438-B624-FBDE9A4D6EC0}.Debug|Any CPU.Build.0 = Debug|Any CPU
		{D9D0C95D-7B4A-4438-B624-FBDE9A4D6EC0}.Debug|x86.ActiveCfg = Debug|Any CPU
		{D9D0C95D-7B4A-4438-B624-FBDE9A4D6EC0}.Debug|x86.Build.0 = Debug|Any CPU
		{D9D0C95D-7B4A-4438-B624-FBDE9A4D6EC0}.Release|Any CPU.ActiveCfg = Release|Any CPU
		{D9D0C95D-7B4A-4438-B624-FBDE9A4D6EC0}.Release|Any CPU.Build.0 = Release|Any CPU
		{D9D0C95D-7B4A-4438-B624-FBDE9A4D6EC0}.Release|x86.ActiveCfg = Release|Any CPU
		{D9D0C95D-7B4A-4438-B624-FBDE9A4D6EC0}.Release|x86.Build.0 = Release|Any CPU
		{9A9F106F-0BA9-4C67-AE6B-718C7174584E}.Debug|Any CPU.ActiveCfg = Debug|Any CPU
		{9A9F106F-0BA9-4C67-AE6B-718C7174584E}.Debug|Any CPU.Build.0 = Debug|Any CPU
		{9A9F106F-0BA9-4C67-AE6B-718C7174584E}.Debug|x86.ActiveCfg = Debug|Any CPU
		{9A9F106F-0BA9-4C67-AE6B-718C7174584E}.Debug|x86.Build.0 = Debug|Any CPU
		{9A9F106F-0BA9-4C67-AE6B-718C7174584E}.Release|Any CPU.ActiveCfg = Release|Any CPU
		{9A9F106F-0BA9-4C67-AE6B-718C7174584E}.Release|Any CPU.Build.0 = Release|Any CPU
		{9A9F106F-0BA9-4C67-AE6B-718C7174584E}.Release|x86.ActiveCfg = Release|Any CPU
		{9A9F106F-0BA9-4C67-AE6B-718C7174584E}.Release|x86.Build.0 = Release|Any CPU
		{E86DE67F-C37D-44B1-A586-D0DE8D7D74FB}.Debug|Any CPU.ActiveCfg = Debug|Any CPU
		{E86DE67F-C37D-44B1-A586-D0DE8D7D74FB}.Debug|Any CPU.Build.0 = Debug|Any CPU
		{E86DE67F-C37D-44B1-A586-D0DE8D7D74FB}.Debug|x86.ActiveCfg = Debug|Any CPU
		{E86DE67F-C37D-44B1-A586-D0DE8D7D74FB}.Debug|x86.Build.0 = Debug|Any CPU
		{E86DE67F-C37D-44B1-A586-D0DE8D7D74FB}.Release|Any CPU.ActiveCfg = Release|Any CPU
		{E86DE67F-C37D-44B1-A586-D0DE8D7D74FB}.Release|Any CPU.Build.0 = Release|Any CPU
		{E86DE67F-C37D-44B1-A586-D0DE8D7D74FB}.Release|x86.ActiveCfg = Release|Any CPU
		{E86DE67F-C37D-44B1-A586-D0DE8D7D74FB}.Release|x86.Build.0 = Release|Any CPU
		{12F00451-CE14-411B-8A3D-BBF45C8D80D7}.Debug|Any CPU.ActiveCfg = Debug|Any CPU
		{12F00451-CE14-411B-8A3D-BBF45C8D80D7}.Debug|Any CPU.Build.0 = Debug|Any CPU
		{12F00451-CE14-411B-8A3D-BBF45C8D80D7}.Debug|x86.ActiveCfg = Debug|Any CPU
		{12F00451-CE14-411B-8A3D-BBF45C8D80D7}.Debug|x86.Build.0 = Debug|Any CPU
		{12F00451-CE14-411B-8A3D-BBF45C8D80D7}.Release|Any CPU.ActiveCfg = Release|Any CPU
		{12F00451-CE14-411B-8A3D-BBF45C8D80D7}.Release|Any CPU.Build.0 = Release|Any CPU
		{12F00451-CE14-411B-8A3D-BBF45C8D80D7}.Release|x86.ActiveCfg = Release|Any CPU
		{12F00451-CE14-411B-8A3D-BBF45C8D80D7}.Release|x86.Build.0 = Release|Any CPU
		{BBCD314E-062C-472F-8656-2B313E49010A}.Debug|Any CPU.ActiveCfg = Debug|Any CPU
		{BBCD314E-062C-472F-8656-2B313E49010A}.Debug|Any CPU.Build.0 = Debug|Any CPU
		{BBCD314E-062C-472F-8656-2B313E49010A}.Debug|x86.ActiveCfg = Debug|Any CPU
		{BBCD314E-062C-472F-8656-2B313E49010A}.Debug|x86.Build.0 = Debug|Any CPU
		{BBCD314E-062C-472F-8656-2B313E49010A}.Release|Any CPU.ActiveCfg = Release|Any CPU
		{BBCD314E-062C-472F-8656-2B313E49010A}.Release|Any CPU.Build.0 = Release|Any CPU
		{BBCD314E-062C-472F-8656-2B313E49010A}.Release|x86.ActiveCfg = Release|Any CPU
		{BBCD314E-062C-472F-8656-2B313E49010A}.Release|x86.Build.0 = Release|Any CPU
		{D5ECB224-6BBE-46BF-B5D2-53E3CC876664}.Debug|Any CPU.ActiveCfg = Debug|Any CPU
		{D5ECB224-6BBE-46BF-B5D2-53E3CC876664}.Debug|Any CPU.Build.0 = Debug|Any CPU
		{D5ECB224-6BBE-46BF-B5D2-53E3CC876664}.Debug|x86.ActiveCfg = Debug|Any CPU
		{D5ECB224-6BBE-46BF-B5D2-53E3CC876664}.Debug|x86.Build.0 = Debug|Any CPU
		{D5ECB224-6BBE-46BF-B5D2-53E3CC876664}.Release|Any CPU.ActiveCfg = Release|Any CPU
		{D5ECB224-6BBE-46BF-B5D2-53E3CC876664}.Release|Any CPU.Build.0 = Release|Any CPU
		{D5ECB224-6BBE-46BF-B5D2-53E3CC876664}.Release|x86.ActiveCfg = Release|Any CPU
		{D5ECB224-6BBE-46BF-B5D2-53E3CC876664}.Release|x86.Build.0 = Release|Any CPU
		{B847640F-0743-4DC0-A70C-6CB9D6CB7C13}.Debug|Any CPU.ActiveCfg = Debug|Any CPU
		{B847640F-0743-4DC0-A70C-6CB9D6CB7C13}.Debug|Any CPU.Build.0 = Debug|Any CPU
		{B847640F-0743-4DC0-A70C-6CB9D6CB7C13}.Debug|x86.ActiveCfg = Debug|Any CPU
		{B847640F-0743-4DC0-A70C-6CB9D6CB7C13}.Debug|x86.Build.0 = Debug|Any CPU
		{B847640F-0743-4DC0-A70C-6CB9D6CB7C13}.Release|Any CPU.ActiveCfg = Release|Any CPU
		{B847640F-0743-4DC0-A70C-6CB9D6CB7C13}.Release|Any CPU.Build.0 = Release|Any CPU
		{B847640F-0743-4DC0-A70C-6CB9D6CB7C13}.Release|x86.ActiveCfg = Release|Any CPU
		{B847640F-0743-4DC0-A70C-6CB9D6CB7C13}.Release|x86.Build.0 = Release|Any CPU
		{21F5C4B9-3031-40FA-8177-7F0A701B3C45}.Debug|Any CPU.ActiveCfg = Debug|Any CPU
		{21F5C4B9-3031-40FA-8177-7F0A701B3C45}.Debug|Any CPU.Build.0 = Debug|Any CPU
		{21F5C4B9-3031-40FA-8177-7F0A701B3C45}.Debug|x86.ActiveCfg = Debug|Any CPU
		{21F5C4B9-3031-40FA-8177-7F0A701B3C45}.Debug|x86.Build.0 = Debug|Any CPU
		{21F5C4B9-3031-40FA-8177-7F0A701B3C45}.Release|Any CPU.ActiveCfg = Release|Any CPU
		{21F5C4B9-3031-40FA-8177-7F0A701B3C45}.Release|Any CPU.Build.0 = Release|Any CPU
		{21F5C4B9-3031-40FA-8177-7F0A701B3C45}.Release|x86.ActiveCfg = Release|Any CPU
		{21F5C4B9-3031-40FA-8177-7F0A701B3C45}.Release|x86.Build.0 = Release|Any CPU
		{19D8C93B-C612-456B-ADAC-54F9A15DDDB3}.Debug|Any CPU.ActiveCfg = Debug|Any CPU
		{19D8C93B-C612-456B-ADAC-54F9A15DDDB3}.Debug|Any CPU.Build.0 = Debug|Any CPU
		{19D8C93B-C612-456B-ADAC-54F9A15DDDB3}.Debug|x86.ActiveCfg = Debug|Any CPU
		{19D8C93B-C612-456B-ADAC-54F9A15DDDB3}.Debug|x86.Build.0 = Debug|Any CPU
		{19D8C93B-C612-456B-ADAC-54F9A15DDDB3}.Release|Any CPU.ActiveCfg = Release|Any CPU
		{19D8C93B-C612-456B-ADAC-54F9A15DDDB3}.Release|Any CPU.Build.0 = Release|Any CPU
		{19D8C93B-C612-456B-ADAC-54F9A15DDDB3}.Release|x86.ActiveCfg = Release|Any CPU
		{19D8C93B-C612-456B-ADAC-54F9A15DDDB3}.Release|x86.Build.0 = Release|Any CPU
		{98F38249-A36C-4CD5-8D73-5A6925789BFE}.Debug|Any CPU.ActiveCfg = Debug|Any CPU
		{98F38249-A36C-4CD5-8D73-5A6925789BFE}.Debug|Any CPU.Build.0 = Debug|Any CPU
		{98F38249-A36C-4CD5-8D73-5A6925789BFE}.Debug|x86.ActiveCfg = Debug|Any CPU
		{98F38249-A36C-4CD5-8D73-5A6925789BFE}.Debug|x86.Build.0 = Debug|Any CPU
		{98F38249-A36C-4CD5-8D73-5A6925789BFE}.Release|Any CPU.ActiveCfg = Release|Any CPU
		{98F38249-A36C-4CD5-8D73-5A6925789BFE}.Release|Any CPU.Build.0 = Release|Any CPU
		{98F38249-A36C-4CD5-8D73-5A6925789BFE}.Release|x86.ActiveCfg = Release|Any CPU
		{98F38249-A36C-4CD5-8D73-5A6925789BFE}.Release|x86.Build.0 = Release|Any CPU
		{64954E9A-A346-45A6-8CE8-A50D3DCBCBED}.Debug|Any CPU.ActiveCfg = Debug|Any CPU
		{64954E9A-A346-45A6-8CE8-A50D3DCBCBED}.Debug|Any CPU.Build.0 = Debug|Any CPU
		{64954E9A-A346-45A6-8CE8-A50D3DCBCBED}.Debug|x86.ActiveCfg = Debug|Any CPU
		{64954E9A-A346-45A6-8CE8-A50D3DCBCBED}.Debug|x86.Build.0 = Debug|Any CPU
		{64954E9A-A346-45A6-8CE8-A50D3DCBCBED}.Release|Any CPU.ActiveCfg = Release|Any CPU
		{64954E9A-A346-45A6-8CE8-A50D3DCBCBED}.Release|Any CPU.Build.0 = Release|Any CPU
		{64954E9A-A346-45A6-8CE8-A50D3DCBCBED}.Release|x86.ActiveCfg = Release|Any CPU
		{64954E9A-A346-45A6-8CE8-A50D3DCBCBED}.Release|x86.Build.0 = Release|Any CPU
		{C4913B92-1FC7-4C77-A796-F53F97C05200}.Debug|Any CPU.ActiveCfg = Debug|Any CPU
		{C4913B92-1FC7-4C77-A796-F53F97C05200}.Debug|Any CPU.Build.0 = Debug|Any CPU
		{C4913B92-1FC7-4C77-A796-F53F97C05200}.Debug|x86.ActiveCfg = Debug|Any CPU
		{C4913B92-1FC7-4C77-A796-F53F97C05200}.Debug|x86.Build.0 = Debug|Any CPU
		{C4913B92-1FC7-4C77-A796-F53F97C05200}.Release|Any CPU.ActiveCfg = Release|Any CPU
		{C4913B92-1FC7-4C77-A796-F53F97C05200}.Release|Any CPU.Build.0 = Release|Any CPU
		{C4913B92-1FC7-4C77-A796-F53F97C05200}.Release|x86.ActiveCfg = Release|Any CPU
		{C4913B92-1FC7-4C77-A796-F53F97C05200}.Release|x86.Build.0 = Release|Any CPU
		{E23985CF-3603-4E5E-8376-DA7D09E5F008}.Debug|Any CPU.ActiveCfg = Debug|Any CPU
		{E23985CF-3603-4E5E-8376-DA7D09E5F008}.Debug|Any CPU.Build.0 = Debug|Any CPU
		{E23985CF-3603-4E5E-8376-DA7D09E5F008}.Debug|x86.ActiveCfg = Debug|Any CPU
		{E23985CF-3603-4E5E-8376-DA7D09E5F008}.Debug|x86.Build.0 = Debug|Any CPU
		{E23985CF-3603-4E5E-8376-DA7D09E5F008}.Release|Any CPU.ActiveCfg = Release|Any CPU
		{E23985CF-3603-4E5E-8376-DA7D09E5F008}.Release|Any CPU.Build.0 = Release|Any CPU
		{E23985CF-3603-4E5E-8376-DA7D09E5F008}.Release|x86.ActiveCfg = Release|Any CPU
		{E23985CF-3603-4E5E-8376-DA7D09E5F008}.Release|x86.Build.0 = Release|Any CPU
		{D103DB86-F971-4981-A1D4-1A401B6424FB}.Debug|Any CPU.ActiveCfg = Debug|Any CPU
		{D103DB86-F971-4981-A1D4-1A401B6424FB}.Debug|Any CPU.Build.0 = Debug|Any CPU
		{D103DB86-F971-4981-A1D4-1A401B6424FB}.Debug|x86.ActiveCfg = Debug|Any CPU
		{D103DB86-F971-4981-A1D4-1A401B6424FB}.Debug|x86.Build.0 = Debug|Any CPU
		{D103DB86-F971-4981-A1D4-1A401B6424FB}.Release|Any CPU.ActiveCfg = Release|Any CPU
		{D103DB86-F971-4981-A1D4-1A401B6424FB}.Release|Any CPU.Build.0 = Release|Any CPU
		{D103DB86-F971-4981-A1D4-1A401B6424FB}.Release|x86.ActiveCfg = Release|Any CPU
		{D103DB86-F971-4981-A1D4-1A401B6424FB}.Release|x86.Build.0 = Release|Any CPU
		{F6D281BD-0C04-4DC7-A3EA-F83F78237E2F}.Debug|Any CPU.ActiveCfg = Debug|Any CPU
		{F6D281BD-0C04-4DC7-A3EA-F83F78237E2F}.Debug|Any CPU.Build.0 = Debug|Any CPU
		{F6D281BD-0C04-4DC7-A3EA-F83F78237E2F}.Debug|x86.ActiveCfg = Debug|Any CPU
		{F6D281BD-0C04-4DC7-A3EA-F83F78237E2F}.Debug|x86.Build.0 = Debug|Any CPU
		{F6D281BD-0C04-4DC7-A3EA-F83F78237E2F}.Release|Any CPU.ActiveCfg = Release|Any CPU
		{F6D281BD-0C04-4DC7-A3EA-F83F78237E2F}.Release|Any CPU.Build.0 = Release|Any CPU
		{F6D281BD-0C04-4DC7-A3EA-F83F78237E2F}.Release|x86.ActiveCfg = Release|Any CPU
		{F6D281BD-0C04-4DC7-A3EA-F83F78237E2F}.Release|x86.Build.0 = Release|Any CPU
		{914D9877-44F6-45DA-9116-555D1EBEDE3B}.Debug|Any CPU.ActiveCfg = Debug|Any CPU
		{914D9877-44F6-45DA-9116-555D1EBEDE3B}.Debug|Any CPU.Build.0 = Debug|Any CPU
		{914D9877-44F6-45DA-9116-555D1EBEDE3B}.Debug|x86.ActiveCfg = Debug|Any CPU
		{914D9877-44F6-45DA-9116-555D1EBEDE3B}.Debug|x86.Build.0 = Debug|Any CPU
		{914D9877-44F6-45DA-9116-555D1EBEDE3B}.Release|Any CPU.ActiveCfg = Release|Any CPU
		{914D9877-44F6-45DA-9116-555D1EBEDE3B}.Release|Any CPU.Build.0 = Release|Any CPU
		{914D9877-44F6-45DA-9116-555D1EBEDE3B}.Release|x86.ActiveCfg = Release|Any CPU
		{914D9877-44F6-45DA-9116-555D1EBEDE3B}.Release|x86.Build.0 = Release|Any CPU
		{41C8EBD0-E552-45DF-AECC-B699B3135C1A}.Debug|Any CPU.ActiveCfg = Debug|Any CPU
		{41C8EBD0-E552-45DF-AECC-B699B3135C1A}.Debug|Any CPU.Build.0 = Debug|Any CPU
		{41C8EBD0-E552-45DF-AECC-B699B3135C1A}.Debug|x86.ActiveCfg = Debug|Any CPU
		{41C8EBD0-E552-45DF-AECC-B699B3135C1A}.Debug|x86.Build.0 = Debug|Any CPU
		{41C8EBD0-E552-45DF-AECC-B699B3135C1A}.Release|Any CPU.ActiveCfg = Release|Any CPU
		{41C8EBD0-E552-45DF-AECC-B699B3135C1A}.Release|Any CPU.Build.0 = Release|Any CPU
		{41C8EBD0-E552-45DF-AECC-B699B3135C1A}.Release|x86.ActiveCfg = Release|Any CPU
		{41C8EBD0-E552-45DF-AECC-B699B3135C1A}.Release|x86.Build.0 = Release|Any CPU
		{66E52B8A-CF65-420B-9214-019E161CED07}.Debug|Any CPU.ActiveCfg = Debug|Any CPU
		{66E52B8A-CF65-420B-9214-019E161CED07}.Debug|Any CPU.Build.0 = Debug|Any CPU
		{66E52B8A-CF65-420B-9214-019E161CED07}.Debug|x86.ActiveCfg = Debug|Any CPU
		{66E52B8A-CF65-420B-9214-019E161CED07}.Debug|x86.Build.0 = Debug|Any CPU
		{66E52B8A-CF65-420B-9214-019E161CED07}.Release|Any CPU.ActiveCfg = Release|Any CPU
		{66E52B8A-CF65-420B-9214-019E161CED07}.Release|Any CPU.Build.0 = Release|Any CPU
		{66E52B8A-CF65-420B-9214-019E161CED07}.Release|x86.ActiveCfg = Release|Any CPU
		{66E52B8A-CF65-420B-9214-019E161CED07}.Release|x86.Build.0 = Release|Any CPU
		{96C80AAD-4102-4799-9144-2A58B5139518}.Debug|Any CPU.ActiveCfg = Debug|Any CPU
		{96C80AAD-4102-4799-9144-2A58B5139518}.Debug|Any CPU.Build.0 = Debug|Any CPU
		{96C80AAD-4102-4799-9144-2A58B5139518}.Debug|x86.ActiveCfg = Debug|Any CPU
		{96C80AAD-4102-4799-9144-2A58B5139518}.Debug|x86.Build.0 = Debug|Any CPU
		{96C80AAD-4102-4799-9144-2A58B5139518}.Release|Any CPU.ActiveCfg = Release|Any CPU
		{96C80AAD-4102-4799-9144-2A58B5139518}.Release|Any CPU.Build.0 = Release|Any CPU
		{96C80AAD-4102-4799-9144-2A58B5139518}.Release|x86.ActiveCfg = Release|Any CPU
		{96C80AAD-4102-4799-9144-2A58B5139518}.Release|x86.Build.0 = Release|Any CPU
	EndGlobalSection
	GlobalSection(SolutionProperties) = preSolution
		HideSolutionNode = FALSE
	EndGlobalSection
	GlobalSection(NestedProjects) = preSolution
		{4B391934-09A0-4D69-AC7A-002DC8B55F6B} = {43F269B1-6734-4A45-B37D-4D3E66172E12}
		{5901ECF2-4EC0-4F69-A05F-D154429BBE52} = {AD7E5F45-9C5D-4E2F-9044-CF69A6481AA4}
		{2C4C1505-155F-4F11-8094-B711B49A595C} = {AD7E5F45-9C5D-4E2F-9044-CF69A6481AA4}
		{41BAF80A-05DA-45D5-A739-0004673CA4BB} = {43F269B1-6734-4A45-B37D-4D3E66172E12}
		{AB149949-97C0-4D19-941B-AA2B6D24C0F6} = {F398030D-D99D-4670-AC5A-38E3CBCE05C1}
		{F398030D-D99D-4670-AC5A-38E3CBCE05C1} = {43F269B1-6734-4A45-B37D-4D3E66172E12}
		{5B35E3F7-E409-4A61-94E6-74877BF8757B} = {F398030D-D99D-4670-AC5A-38E3CBCE05C1}
		{2506E8FE-8C37-4721-B57D-A6EADB3A32B4} = {97FA2DDD-590C-4224-B95A-3C3D4130DD37}
		{F7C78F40-C76E-42C3-9E76-9086CB7FA7E0} = {97FA2DDD-590C-4224-B95A-3C3D4130DD37}
		{B8FCFDF7-5CEA-4953-8B8B-96CE4B5B1E7E} = {3EF5FEAD-A5D2-41FD-8D4B-66AC31B4F16C}
		{429C681D-DDA0-4120-8B5A-2487A400E49E} = {B8FCFDF7-5CEA-4953-8B8B-96CE4B5B1E7E}
		{C800BD72-935B-42B3-91CB-ED1D239A94A4} = {429C681D-DDA0-4120-8B5A-2487A400E49E}
		{882AF6D0-6F87-4BE3-BD15-E91E4270A7B8} = {429C681D-DDA0-4120-8B5A-2487A400E49E}
		{EE97A204-3E62-49AF-866C-72762702A24A} = {429C681D-DDA0-4120-8B5A-2487A400E49E}
		{C30C387B-3CF6-4E23-844F-780B6A2EE826} = {429C681D-DDA0-4120-8B5A-2487A400E49E}
		{063D5796-C0B7-49AC-BB4A-FD5C05AC2AD2} = {429C681D-DDA0-4120-8B5A-2487A400E49E}
		{215CBF03-E816-41C9-AE7A-365573AE9126} = {B8FCFDF7-5CEA-4953-8B8B-96CE4B5B1E7E}
		{92B16674-EF1D-41FE-8F29-0C04E4C9EC6A} = {215CBF03-E816-41C9-AE7A-365573AE9126}
		{0C85AD32-2235-45CA-B163-93E4BB90CF45} = {215CBF03-E816-41C9-AE7A-365573AE9126}
		{E71C4792-D175-46C1-BB57-D64F8A3C5BC3} = {215CBF03-E816-41C9-AE7A-365573AE9126}
		{D9D0C95D-7B4A-4438-B624-FBDE9A4D6EC0} = {215CBF03-E816-41C9-AE7A-365573AE9126}
		{9A9F106F-0BA9-4C67-AE6B-718C7174584E} = {215CBF03-E816-41C9-AE7A-365573AE9126}
		{E86DE67F-C37D-44B1-A586-D0DE8D7D74FB} = {215CBF03-E816-41C9-AE7A-365573AE9126}
		{12F00451-CE14-411B-8A3D-BBF45C8D80D7} = {215CBF03-E816-41C9-AE7A-365573AE9126}
		{BBCD314E-062C-472F-8656-2B313E49010A} = {215CBF03-E816-41C9-AE7A-365573AE9126}
		{D5ECB224-6BBE-46BF-B5D2-53E3CC876664} = {215CBF03-E816-41C9-AE7A-365573AE9126}
		{B847640F-0743-4DC0-A70C-6CB9D6CB7C13} = {215CBF03-E816-41C9-AE7A-365573AE9126}
		{9485B7D3-62B6-4F30-AA73-81247EE0968A} = {B8FCFDF7-5CEA-4953-8B8B-96CE4B5B1E7E}
		{21F5C4B9-3031-40FA-8177-7F0A701B3C45} = {9485B7D3-62B6-4F30-AA73-81247EE0968A}
		{19D8C93B-C612-456B-ADAC-54F9A15DDDB3} = {9485B7D3-62B6-4F30-AA73-81247EE0968A}
		{98F38249-A36C-4CD5-8D73-5A6925789BFE} = {9485B7D3-62B6-4F30-AA73-81247EE0968A}
		{64954E9A-A346-45A6-8CE8-A50D3DCBCBED} = {9485B7D3-62B6-4F30-AA73-81247EE0968A}
		{C4913B92-1FC7-4C77-A796-F53F97C05200} = {9485B7D3-62B6-4F30-AA73-81247EE0968A}
		{E23985CF-3603-4E5E-8376-DA7D09E5F008} = {9485B7D3-62B6-4F30-AA73-81247EE0968A}
		{D103DB86-F971-4981-A1D4-1A401B6424FB} = {9485B7D3-62B6-4F30-AA73-81247EE0968A}
		{37F4F9D1-F535-42FA-88DF-C68C25425647} = {3EF5FEAD-A5D2-41FD-8D4B-66AC31B4F16C}
		{F6D281BD-0C04-4DC7-A3EA-F83F78237E2F} = {37F4F9D1-F535-42FA-88DF-C68C25425647}
		{E07B190F-341C-4AEA-9DFD-EAE8E100B33E} = {43F269B1-6734-4A45-B37D-4D3E66172E12}
		{914D9877-44F6-45DA-9116-555D1EBEDE3B} = {E07B190F-341C-4AEA-9DFD-EAE8E100B33E}
		{41C8EBD0-E552-45DF-AECC-B699B3135C1A} = {E07B190F-341C-4AEA-9DFD-EAE8E100B33E}
		{66E52B8A-CF65-420B-9214-019E161CED07} = {E07B190F-341C-4AEA-9DFD-EAE8E100B33E}
		{96C80AAD-4102-4799-9144-2A58B5139518} = {E07B190F-341C-4AEA-9DFD-EAE8E100B33E}
	EndGlobalSection
	GlobalSection(ExtensibilityGlobals) = postSolution
		SolutionGuid = {C8AEAF8D-0ACE-4FE3-9865-8BA8F36F995D}
	EndGlobalSection
EndGlobal
